
Microsoft Visual Studio Solution File, Format Version 12.00
# Visual Studio 2012
Project("{FAE04EC0-301F-11D3-BF4B-00C04F79EFBC}") = "HomeAccounting.UnitTests", "HomeAccounting.UnitTests\HomeAccounting.UnitTests.csproj", "{E6DB92A3-2FB0-4EC4-92FE-8C32AAE1CDC2}"
EndProject
Project("{FAE04EC0-301F-11D3-BF4B-00C04F79EFBC}") = "HomeAccounting.UI", "HomeAccounting.UI\HomeAccounting.UI.csproj", "{5E33E37A-BE33-4CA8-97E7-C3C4F7DC5E62}"
EndProject
Global
	GlobalSection(SolutionConfigurationPlatforms) = preSolution
		Debug|Any CPU = Debug|Any CPU
		Release|Any CPU = Release|Any CPU
	EndGlobalSection
	GlobalSection(ProjectConfigurationPlatforms) = postSolution
		{E6DB92A3-2FB0-4EC4-92FE-8C32AAE1CDC2}.Debug|Any CPU.ActiveCfg = Debug|Any CPU
		{E6DB92A3-2FB0-4EC4-92FE-8C32AAE1CDC2}.Debug|Any CPU.Build.0 = Debug|Any CPU
		{E6DB92A3-2FB0-4EC4-92FE-8C32AAE1CDC2}.Release|Any CPU.ActiveCfg = Release|Any CPU
		{E6DB92A3-2FB0-4EC4-92FE-8C32AAE1CDC2}.Release|Any CPU.Build.0 = Release|Any CPU
		{5E33E37A-BE33-4CA8-97E7-C3C4F7DC5E62}.Debug|Any CPU.ActiveCfg = Debug|Any CPU
		{5E33E37A-BE33-4CA8-97E7-C3C4F7DC5E62}.Debug|Any CPU.Build.0 = Debug|Any CPU
		{5E33E37A-BE33-4CA8-97E7-C3C4F7DC5E62}.Release|Any CPU.ActiveCfg = Release|Any CPU
		{5E33E37A-BE33-4CA8-97E7-C3C4F7DC5E62}.Release|Any CPU.Build.0 = Release|Any CPU
	EndGlobalSection
	GlobalSection(SolutionProperties) = preSolution
		HideSolutionNode = FALSE
	EndGlobalSection
EndGlobal
